
Microsoft Visual Studio Solution File, Format Version 12.00
# Visual Studio Version 16
VisualStudioVersion = 16.0.29609.76
MinimumVisualStudioVersion = 10.0.40219.1
Project("{FAE04EC0-301F-11D3-BF4B-00C04F79EFBC}") = "SuperHero", "SuperHero\SuperHero.csproj", "{7AFAF753-040A-41E1-A39B-DD24BA3D3A23}"
EndProject
Global
	GlobalSection(SolutionConfigurationPlatforms) = preSolution
		Debug|Any CPU = Debug|Any CPU
		Release|Any CPU = Release|Any CPU
	EndGlobalSection
	GlobalSection(ProjectConfigurationPlatforms) = postSolution
		{7AFAF753-040A-41E1-A39B-DD24BA3D3A23}.Debug|Any CPU.ActiveCfg = Debug|Any CPU
		{7AFAF753-040A-41E1-A39B-DD24BA3D3A23}.Debug|Any CPU.Build.0 = Debug|Any CPU
		{7AFAF753-040A-41E1-A39B-DD24BA3D3A23}.Release|Any CPU.ActiveCfg = Release|Any CPU
		{7AFAF753-040A-41E1-A39B-DD24BA3D3A23}.Release|Any CPU.Build.0 = Release|Any CPU
	EndGlobalSection
	GlobalSection(SolutionProperties) = preSolution
		HideSolutionNode = FALSE
	EndGlobalSection
	GlobalSection(ExtensibilityGlobals) = postSolution
		SolutionGuid = {BCA600C0-4DEE-4AF9-9177-C529E4B09558}
	EndGlobalSection
EndGlobal
